// !$*UTF8*$!
{
	archiveVersion = 1;
	classes = {
	};
	objectVersion = 46;
	objects = {

/* Begin PBXBuildFile section */
		6E310D5619D77C5E00D42154 /* AppDelegate.swift in Sources */ = {isa = PBXBuildFile; fileRef = 6E310D5519D77C5E00D42154 /* AppDelegate.swift */; };
		6E310D5819D77C5E00D42154 /* ViewController.swift in Sources */ = {isa = PBXBuildFile; fileRef = 6E310D5719D77C5E00D42154 /* ViewController.swift */; };
		6E310D5B19D77C5E00D42154 /* Main.storyboard in Resources */ = {isa = PBXBuildFile; fileRef = 6E310D5919D77C5E00D42154 /* Main.storyboard */; };
		6E310D5D19D77C5E00D42154 /* Images.xcassets in Resources */ = {isa = PBXBuildFile; fileRef = 6E310D5C19D77C5E00D42154 /* Images.xcassets */; };
		6E310D6019D77C5E00D42154 /* LaunchScreen.xib in Resources */ = {isa = PBXBuildFile; fileRef = 6E310D5E19D77C5E00D42154 /* LaunchScreen.xib */; };
		6E310D6C19D77C5F00D42154 /* ShoeConverterTests.swift in Sources */ = {isa = PBXBuildFile; fileRef = 6E310D6B19D77C5F00D42154 /* ShoeConverterTests.swift */; };
/* End PBXBuildFile section */

/* Begin PBXContainerItemProxy section */
		6E310D6619D77C5E00D42154 /* PBXContainerItemProxy */ = {
			isa = PBXContainerItemProxy;
			containerPortal = 6E310D4819D77C5E00D42154 /* Project object */;
			proxyType = 1;
			remoteGlobalIDString = 6E310D4F19D77C5E00D42154;
			remoteInfo = ShoeConverter;
		};
/* End PBXContainerItemProxy section */

/* Begin PBXFileReference section */
		6E310D5019D77C5E00D42154 /* ShoeConverter.app */ = {isa = PBXFileReference; explicitFileType = wrapper.application; includeInIndex = 0; path = ShoeConverter.app; sourceTree = BUILT_PRODUCTS_DIR; };
		6E310D5419D77C5E00D42154 /* Info.plist */ = {isa = PBXFileReference; lastKnownFileType = text.plist.xml; path = Info.plist; sourceTree = "<group>"; };
		6E310D5519D77C5E00D42154 /* AppDelegate.swift */ = {isa = PBXFileReference; lastKnownFileType = sourcecode.swift; path = AppDelegate.swift; sourceTree = "<group>"; };
		6E310D5719D77C5E00D42154 /* ViewController.swift */ = {isa = PBXFileReference; lastKnownFileType = sourcecode.swift; path = ViewController.swift; sourceTree = "<group>"; };
		6E310D5A19D77C5E00D42154 /* Base */ = {isa = PBXFileReference; lastKnownFileType = file.storyboard; name = Base; path = Base.lproj/Main.storyboard; sourceTree = "<group>"; };
		6E310D5C19D77C5E00D42154 /* Images.xcassets */ = {isa = PBXFileReference; lastKnownFileType = folder.assetcatalog; path = Images.xcassets; sourceTree = "<group>"; };
		6E310D5F19D77C5E00D42154 /* Base */ = {isa = PBXFileReference; lastKnownFileType = file.xib; name = Base; path = Base.lproj/LaunchScreen.xib; sourceTree = "<group>"; };
		6E310D6519D77C5E00D42154 /* ShoeConverterTests.xctest */ = {isa = PBXFileReference; explicitFileType = wrapper.cfbundle; includeInIndex = 0; path = ShoeConverterTests.xctest; sourceTree = BUILT_PRODUCTS_DIR; };
		6E310D6A19D77C5E00D42154 /* Info.plist */ = {isa = PBXFileReference; lastKnownFileType = text.plist.xml; path = Info.plist; sourceTree = "<group>"; };
		6E310D6B19D77C5F00D42154 /* ShoeConverterTests.swift */ = {isa = PBXFileReference; lastKnownFileType = sourcecode.swift; path = ShoeConverterTests.swift; sourceTree = "<group>"; };
/* End PBXFileReference section */

/* Begin PBXFrameworksBuildPhase section */
		6E310D4D19D77C5E00D42154 /* Frameworks */ = {
			isa = PBXFrameworksBuildPhase;
			buildActionMask = 2147483647;
			files = (
			);
			runOnlyForDeploymentPostprocessing = 0;
		};
		6E310D6219D77C5E00D42154 /* Frameworks */ = {
			isa = PBXFrameworksBuildPhase;
			buildActionMask = 2147483647;
			files = (
			);
			runOnlyForDeploymentPostprocessing = 0;
		};
/* End PBXFrameworksBuildPhase section */

/* Begin PBXGroup section */
		6E310D4719D77C5E00D42154 = {
			isa = PBXGroup;
			children = (
				6E310D5219D77C5E00D42154 /* ShoeConverter */,
				6E310D6819D77C5E00D42154 /* ShoeConverterTests */,
				6E310D5119D77C5E00D42154 /* Products */,
			);
			sourceTree = "<group>";
		};
		6E310D5119D77C5E00D42154 /* Products */ = {
			isa = PBXGroup;
			children = (
				6E310D5019D77C5E00D42154 /* ShoeConverter.app */,
				6E310D6519D77C5E00D42154 /* ShoeConverterTests.xctest */,
			);
			name = Products;
			sourceTree = "<group>";
		};
		6E310D5219D77C5E00D42154 /* ShoeConverter */ = {
			isa = PBXGroup;
			children = (
				6E310D5519D77C5E00D42154 /* AppDelegate.swift */,
				6E310D5719D77C5E00D42154 /* ViewController.swift */,
				6E310D5919D77C5E00D42154 /* Main.storyboard */,
				6E310D5C19D77C5E00D42154 /* Images.xcassets */,
				6E310D5E19D77C5E00D42154 /* LaunchScreen.xib */,
				6E310D5319D77C5E00D42154 /* Supporting Files */,
			);
			path = ShoeConverter;
			sourceTree = "<group>";
		};
		6E310D5319D77C5E00D42154 /* Supporting Files */ = {
			isa = PBXGroup;
			children = (
				6E310D5419D77C5E00D42154 /* Info.plist */,
			);
			name = "Supporting Files";
			sourceTree = "<group>";
		};
		6E310D6819D77C5E00D42154 /* ShoeConverterTests */ = {
			isa = PBXGroup;
			children = (
				6E310D6B19D77C5F00D42154 /* ShoeConverterTests.swift */,
				6E310D6919D77C5E00D42154 /* Supporting Files */,
			);
			path = ShoeConverterTests;
			sourceTree = "<group>";
		};
		6E310D6919D77C5E00D42154 /* Supporting Files */ = {
			isa = PBXGroup;
			children = (
				6E310D6A19D77C5E00D42154 /* Info.plist */,
			);
			name = "Supporting Files";
			sourceTree = "<group>";
		};
/* End PBXGroup section */

/* Begin PBXNativeTarget section */
		6E310D4F19D77C5E00D42154 /* ShoeConverter */ = {
			isa = PBXNativeTarget;
			buildConfigurationList = 6E310D6F19D77C5F00D42154 /* Build configuration list for PBXNativeTarget "ShoeConverter" */;
			buildPhases = (
				6E310D4C19D77C5E00D42154 /* Sources */,
				6E310D4D19D77C5E00D42154 /* Frameworks */,
				6E310D4E19D77C5E00D42154 /* Resources */,
			);
			buildRules = (
			);
			dependencies = (
			);
			name = ShoeConverter;
			productName = ShoeConverter;
			productReference = 6E310D5019D77C5E00D42154 /* ShoeConverter.app */;
			productType = "com.apple.product-type.application";
		};
		6E310D6419D77C5E00D42154 /* ShoeConverterTests */ = {
			isa = PBXNativeTarget;
			buildConfigurationList = 6E310D7219D77C5F00D42154 /* Build configuration list for PBXNativeTarget "ShoeConverterTests" */;
			buildPhases = (
				6E310D6119D77C5E00D42154 /* Sources */,
				6E310D6219D77C5E00D42154 /* Frameworks */,
				6E310D6319D77C5E00D42154 /* Resources */,
			);
			buildRules = (
			);
			dependencies = (
				6E310D6719D77C5E00D42154 /* PBXTargetDependency */,
			);
			name = ShoeConverterTests;
			productName = ShoeConverterTests;
			productReference = 6E310D6519D77C5E00D42154 /* ShoeConverterTests.xctest */;
			productType = "com.apple.product-type.bundle.unit-test";
		};
/* End PBXNativeTarget section */

/* Begin PBXProject section */
		6E310D4819D77C5E00D42154 /* Project object */ = {
			isa = PBXProject;
			attributes = {
				LastUpgradeCheck = 0600;
				ORGANIZATIONNAME = PWW;
				TargetAttributes = {
					6E310D4F19D77C5E00D42154 = {
						CreatedOnToolsVersion = 6.0.1;
					};
					6E310D6419D77C5E00D42154 = {
						CreatedOnToolsVersion = 6.0.1;
						TestTargetID = 6E310D4F19D77C5E00D42154;
					};
				};
			};
			buildConfigurationList = 6E310D4B19D77C5E00D42154 /* Build configuration list for PBXProject "ShoeConverter" */;
			compatibilityVersion = "Xcode 3.2";
			developmentRegion = English;
			hasScannedForEncodings = 0;
			knownRegions = (
				en,
				Base,
			);
			mainGroup = 6E310D4719D77C5E00D42154;
			productRefGroup = 6E310D5119D77C5E00D42154 /* Products */;
			projectDirPath = "";
			projectRoot = "";
			targets = (
				6E310D4F19D77C5E00D42154 /* ShoeConverter */,
				6E310D6419D77C5E00D42154 /* ShoeConverterTests */,
			);
		};
/* End PBXProject section */

/* Begin PBXResourcesBuildPhase section */
		6E310D4E19D77C5E00D42154 /* Resources */ = {
			isa = PBXResourcesBuildPhase;
			buildActionMask = 2147483647;
			files = (
				6E310D5B19D77C5E00D42154 /* Main.storyboard in Resources */,
				6E310D6019D77C5E00D42154 /* LaunchScreen.xib in Resources */,
				6E310D5D19D77C5E00D42154 /* Images.xcassets in Resources */,
			);
			runOnlyForDeploymentPostprocessing = 0;
		};
		6E310D6319D77C5E00D42154 /* Resources */ = {
			isa = PBXResourcesBuildPhase;
			buildActionMask = 2147483647;
			files = (
			);
			runOnlyForDeploymentPostprocessing = 0;
		};
/* End PBXResourcesBuildPhase section */

/* Begin PBXSourcesBuildPhase section */
		6E310D4C19D77C5E00D42154 /* Sources */ = {
			isa = PBXSourcesBuildPhase;
			buildActionMask = 2147483647;
			files = (
				6E310D5819D77C5E00D42154 /* ViewController.swift in Sources */,
				6E310D5619D77C5E00D42154 /* AppDelegate.swift in Sources */,
			);
			runOnlyForDeploymentPostprocessing = 0;
		};
		6E310D6119D77C5E00D42154 /* Sources */ = {
			isa = PBXSourcesBuildPhase;
			buildActionMask = 2147483647;
			files = (
				6E310D6C19D77C5F00D42154 /* ShoeConverterTests.swift in Sources */,
			);
			runOnlyForDeploymentPostprocessing = 0;
		};
/* End PBXSourcesBuildPhase section */

/* Begin PBXTargetDependency section */
		6E310D6719D77C5E00D42154 /* PBXTargetDependency */ = {
			isa = PBXTargetDependency;
			target = 6E310D4F19D77C5E00D42154 /* ShoeConverter */;
			targetProxy = 6E310D6619D77C5E00D42154 /* PBXContainerItemProxy */;
		};
/* End PBXTargetDependency section */

/* Begin PBXVariantGroup section */
		6E310D5919D77C5E00D42154 /* Main.storyboard */ = {
			isa = PBXVariantGroup;
			children = (
				6E310D5A19D77C5E00D42154 /* Base */,
			);
			name = Main.storyboard;
			sourceTree = "<group>";
		};
		6E310D5E19D77C5E00D42154 /* LaunchScreen.xib */ = {
			isa = PBXVariantGroup;
			children = (
				6E310D5F19D77C5E00D42154 /* Base */,
			);
			name = LaunchScreen.xib;
			sourceTree = "<group>";
		};
/* End PBXVariantGroup section */

/* Begin XCBuildConfiguration section */
		6E310D6D19D77C5F00D42154 /* Debug */ = {
			isa = XCBuildConfiguration;
			buildSettings = {
				ALWAYS_SEARCH_USER_PATHS = NO;
				CLANG_CXX_LANGUAGE_STANDARD = "gnu++0x";
				CLANG_CXX_LIBRARY = "libc++";
				CLANG_ENABLE_MODULES = YES;
				CLANG_ENABLE_OBJC_ARC = YES;
				CLANG_WARN_BOOL_CONVERSION = YES;
				CLANG_WARN_CONSTANT_CONVERSION = YES;
				CLANG_WARN_DIRECT_OBJC_ISA_USAGE = YES_ERROR;
				CLANG_WARN_EMPTY_BODY = YES;
				CLANG_WARN_ENUM_CONVERSION = YES;
				CLANG_WARN_INT_CONVERSION = YES;
				CLANG_WARN_OBJC_ROOT_CLASS = YES_ERROR;
				CLANG_WARN_UNREACHABLE_CODE = YES;
				CLANG_WARN__DUPLICATE_METHOD_MATCH = YES;
				"CODE_SIGN_IDENTITY[sdk=iphoneos*]" = "iPhone Developer";
				COPY_PHASE_STRIP = NO;
				ENABLE_STRICT_OBJC_MSGSEND = YES;
				GCC_C_LANGUAGE_STANDARD = gnu99;
				GCC_DYNAMIC_NO_PIC = NO;
				GCC_OPTIMIZATION_LEVEL = 0;
				GCC_PREPROCESSOR_DEFINITIONS = (
					"DEBUG=1",
					"$(inherited)",
				);
				GCC_SYMBOLS_PRIVATE_EXTERN = NO;
				GCC_WARN_64_TO_32_BIT_CONVERSION = YES;
				GCC_WARN_ABOUT_RETURN_TYPE = YES_ERROR;
				GCC_WARN_UNDECLARED_SELECTOR = YES;
				GCC_WARN_UNINITIALIZED_AUTOS = YES_AGGRESSIVE;
				GCC_WARN_UNUSED_FUNCTION = YES;
				GCC_WARN_UNUSED_VARIABLE = YES;
				IPHONEOS_DEPLOYMENT_TARGET = 8.0;
				MTL_ENABLE_DEBUG_INFO = YES;
				ONLY_ACTIVE_ARCH = YES;
				SDKROOT = iphoneos;
				SWIFT_OPTIMIZATION_LEVEL = "-Onone";
			};
			name = Debug;
		};
		6E310D6E19D77C5F00D42154 /* Release */ = {
			isa = XCBuildConfiguration;
			buildSettings = {
				ALWAYS_SEARCH_USER_PATHS = NO;
				CLANG_CXX_LANGUAGE_STANDARD = "gnu++0x";
				CLANG_CXX_LIBRARY = "libc++";
				CLANG_ENABLE_MODULES = YES;
				CLANG_ENABLE_OBJC_ARC = YES;
				CLANG_WARN_BOOL_CONVERSION = YES;
				CLANG_WARN_CONSTANT_CONVERSION = YES;
				CLANG_WARN_DIRECT_OBJC_ISA_USAGE = YES_ERROR;
				CLANG_WARN_EMPTY_BODY = YES;
				CLANG_WARN_ENUM_CONVERSION = YES;
				CLANG_WARN_INT_CONVERSION = YES;
				CLANG_WARN_OBJC_ROOT_CLASS = YES_ERROR;
				CLANG_WARN_UNREACHABLE_CODE = YES;
				CLANG_WARN__DUPLICATE_METHOD_MATCH = YES;
				"CODE_SIGN_IDENTITY[sdk=iphoneos*]" = "iPhone Developer";
				COPY_PHASE_STRIP = YES;
				ENABLE_NS_ASSERTIONS = NO;
				ENABLE_STRICT_OBJC_MSGSEND = YES;
				GCC_C_LANGUAGE_STANDARD = gnu99;
				GCC_WARN_64_TO_32_BIT_CONVERSION = YES;
				GCC_WARN_ABOUT_RETURN_TYPE = YES_ERROR;
				GCC_WARN_UNDECLARED_SELECTOR = YES;
				GCC_WARN_UNINITIALIZED_AUTOS = YES_AGGRESSIVE;
				GCC_WARN_UNUSED_FUNCTION = YES;
				GCC_WARN_UNUSED_VARIABLE = YES;
				IPHONEOS_DEPLOYMENT_TARGET = 8.0;
				MTL_ENABLE_DEBUG_INFO = NO;
				SDKROOT = iphoneos;
				VALIDATE_PRODUCT = YES;
			};
			name = Release;
		};
		6E310D7019D77C5F00D42154 /* Debug */ = {
			isa = XCBuildConfiguration;
			buildSettings = {
				ASSETCATALOG_COMPILER_APPICON_NAME = AppIcon;
				INFOPLIST_FILE = ShoeConverter/Info.plist;
				LD_RUNPATH_SEARCH_PATHS = "$(inherited) @executable_path/Frameworks";
				PRODUCT_NAME = "$(TARGET_NAME)";
			};
			name = Debug;
		};
		6E310D7119D77C5F00D42154 /* Release */ = {
			isa = XCBuildConfiguration;
			buildSettings = {
				ASSETCATALOG_COMPILER_APPICON_NAME = AppIcon;
				INFOPLIST_FILE = ShoeConverter/Info.plist;
				LD_RUNPATH_SEARCH_PATHS = "$(inherited) @executable_path/Frameworks";
				PRODUCT_NAME = "$(TARGET_NAME)";
			};
			name = Release;
		};
		6E310D7319D77C5F00D42154 /* Debug */ = {
			isa = XCBuildConfiguration;
			buildSettings = {
				BUNDLE_LOADER = "$(TEST_HOST)";
				FRAMEWORK_SEARCH_PATHS = (
					"$(SDKROOT)/Developer/Library/Frameworks",
					"$(inherited)",
				);
				GCC_PREPROCESSOR_DEFINITIONS = (
					"DEBUG=1",
					"$(inherited)",
				);
				INFOPLIST_FILE = ShoeConverterTests/Info.plist;
				LD_RUNPATH_SEARCH_PATHS = "$(inherited) @executable_path/Frameworks @loader_path/Frameworks";
				PRODUCT_NAME = "$(TARGET_NAME)";
				TEST_HOST = "$(BUILT_PRODUCTS_DIR)/ShoeConverter.app/ShoeConverter";
			};
			name = Debug;
		};
		6E310D7419D77C5F00D42154 /* Release */ = {
			isa = XCBuildConfiguration;
			buildSettings = {
				BUNDLE_LOADER = "$(TEST_HOST)";
				FRAMEWORK_SEARCH_PATHS = (
					"$(SDKROOT)/Developer/Library/Frameworks",
					"$(inherited)",
				);
				INFOPLIST_FILE = ShoeConverterTests/Info.plist;
				LD_RUNPATH_SEARCH_PATHS = "$(inherited) @executable_path/Frameworks @loader_path/Frameworks";
				PRODUCT_NAME = "$(TARGET_NAME)";
				TEST_HOST = "$(BUILT_PRODUCTS_DIR)/ShoeConverter.app/ShoeConverter";
			};
			name = Release;
		};
/* End XCBuildConfiguration section */

/* Begin XCConfigurationList section */
		6E310D4B19D77C5E00D42154 /* Build configuration list for PBXProject "ShoeConverter" */ = {
			isa = XCConfigurationList;
			buildConfigurations = (
				6E310D6D19D77C5F00D42154 /* Debug */,
				6E310D6E19D77C5F00D42154 /* Release */,
			);
			defaultConfigurationIsVisible = 0;
			defaultConfigurationName = Release;
		};
		6E310D6F19D77C5F00D42154 /* Build configuration list for PBXNativeTarget "ShoeConverter" */ = {
			isa = XCConfigurationList;
			buildConfigurations = (
				6E310D7019D77C5F00D42154 /* Debug */,
				6E310D7119D77C5F00D42154 /* Release */,
			);
			defaultConfigurationIsVisible = 0;
		};
		6E310D7219D77C5F00D42154 /* Build configuration list for PBXNativeTarget "ShoeConverterTests" */ = {
			isa = XCConfigurationList;
			buildConfigurations = (
				6E310D7319D77C5F00D42154 /* Debug */,
				6E310D7419D77C5F00D42154 /* Release */,
			);
			defaultConfigurationIsVisible = 0;
		};
/* End XCConfigurationList section */
	};
	rootObject = 6E310D4819D77C5E00D42154 /* Project object */;
}
